
Microsoft Visual Studio Solution File, Format Version 11.00
# Visual C++ Express 2010
Project("{8BC9CEB8-8B4A-11D0-8D11-00A0C91BC942}") = "myMenuCallback", "myMenuCallback.vcxproj", "{86654C87-AA94-4BB8-A001-2F33938AA5A5}"
EndProject
Global
	GlobalSection(SolutionConfigurationPlatforms) = preSolution
		Debug|Win32 = Debug|Win32
		Release|Win32 = Release|Win32
	EndGlobalSection
	GlobalSection(ProjectConfigurationPlatforms) = postSolution
		{86654C87-AA94-4BB8-A001-2F33938AA5A5}.Debug|Win32.ActiveCfg = Debug|Win32
		{86654C87-AA94-4BB8-A001-2F33938AA5A5}.Debug|Win32.Build.0 = Debug|Win32
		{86654C87-AA94-4BB8-A001-2F33938AA5A5}.Release|Win32.ActiveCfg = Release|Win32
		{86654C87-AA94-4BB8-A001-2F33938AA5A5}.Release|Win32.Build.0 = Release|Win32
	EndGlobalSection
	GlobalSection(SolutionProperties) = preSolution
		HideSolutionNode = FALSE
	EndGlobalSection
EndGlobal
